{
    "requires": true,
    "lockfileVersion": 1,
    "dependencies": {
        "@editorjs/editorjs": {
            "version": "2.15.1",
            "resolved": "https://registry.npmjs.org/@editorjs/editorjs/-/editorjs-2.15.1.tgz",
            "integrity": "sha512-0uhf2VAC5a8YblCPvk96a6RHZU26uAGetp8XhQn1aWysZ8PTUk7ti+BnDLpTy6o00J7gLN6lRgMxNNhcSbf16A==",
            "dev": true,
            "requires": {
                "codex-notifier": "^1.1.2"
            }
        },
        "codex-notifier": {
            "version": "1.1.2",
            "resolved": "https://registry.npmjs.org/codex-notifier/-/codex-notifier-1.1.2.tgz",
            "integrity": "sha512-DCp6xe/LGueJ1N5sXEwcBc3r3PyVkEEDNWCVigfvywAkeXcZMk9K41a31tkEFBW0Ptlwji6/JlAb49E3Yrxbtg==",
            "dev": true
        }
    }
}
